// !$*UTF8*$!
{
	archiveVersion = 1;
	classes = {
	};
	objectVersion = 46;
	objects = {

/* Begin PBXBuildFile section */
		80A70408196BA77C00D38C21 /* Foundation.framework in Frameworks */ = {isa = PBXBuildFile; fileRef = 80A70407196BA77C00D38C21 /* Foundation.framework */; };
		80A7040A196BA77C00D38C21 /* CoreGraphics.framework in Frameworks */ = {isa = PBXBuildFile; fileRef = 80A70409196BA77C00D38C21 /* CoreGraphics.framework */; };
		80A7040C196BA77C00D38C21 /* UIKit.framework in Frameworks */ = {isa = PBXBuildFile; fileRef = 80A7040B196BA77C00D38C21 /* UIKit.framework */; };
		80A70412196BA77C00D38C21 /* InfoPlist.strings in Resources */ = {isa = PBXBuildFile; fileRef = 80A70410196BA77C00D38C21 /* InfoPlist.strings */; };
		80A70414196BA77C00D38C21 /* main.m in Sources */ = {isa = PBXBuildFile; fileRef = 80A70413196BA77C00D38C21 /* main.m */; };
		80A70418196BA77C00D38C21 /* AppDelegate.m in Sources */ = {isa = PBXBuildFile; fileRef = 80A70417196BA77C00D38C21 /* AppDelegate.m */; };
		80A7041B196BA77C00D38C21 /* Main.storyboard in Resources */ = {isa = PBXBuildFile; fileRef = 80A70419196BA77C00D38C21 /* Main.storyboard */; };
		80A7041E196BA77C00D38C21 /* ViewController.m in Sources */ = {isa = PBXBuildFile; fileRef = 80A7041D196BA77C00D38C21 /* ViewController.m */; };
		80A70420196BA77C00D38C21 /* Images.xcassets in Resources */ = {isa = PBXBuildFile; fileRef = 80A7041F196BA77C00D38C21 /* Images.xcassets */; };
		80A70427196BA77C00D38C21 /* XCTest.framework in Frameworks */ = {isa = PBXBuildFile; fileRef = 80A70426196BA77C00D38C21 /* XCTest.framework */; };
		80A70428196BA77C00D38C21 /* Foundation.framework in Frameworks */ = {isa = PBXBuildFile; fileRef = 80A70407196BA77C00D38C21 /* Foundation.framework */; };
		80A70429196BA77C00D38C21 /* UIKit.framework in Frameworks */ = {isa = PBXBuildFile; fileRef = 80A7040B196BA77C00D38C21 /* UIKit.framework */; };
		80A70431196BA77C00D38C21 /* InfoPlist.strings in Resources */ = {isa = PBXBuildFile; fileRef = 80A7042F196BA77C00D38C21 /* InfoPlist.strings */; };
		80A70433196BA77C00D38C21 /* FinalStarRatingBarDemoTests.m in Sources */ = {isa = PBXBuildFile; fileRef = 80A70432196BA77C00D38C21 /* FinalStarRatingBarDemoTests.m */; };
		80A7043F196BA7F500D38C21 /* FinalStarRatingBar.m in Sources */ = {isa = PBXBuildFile; fileRef = 80A7043E196BA7F500D38C21 /* FinalStarRatingBar.m */; };
		80A70443196BB17900D38C21 /* FinalStarRatingBar.bundle in Resources */ = {isa = PBXBuildFile; fileRef = 80A70442196BB17900D38C21 /* FinalStarRatingBar.bundle */; };
/* End PBXBuildFile section */

/* Begin PBXContainerItemProxy section */
		80A7042A196BA77C00D38C21 /* PBXContainerItemProxy */ = {
			isa = PBXContainerItemProxy;
			containerPortal = 80A703FC196BA77C00D38C21 /* Project object */;
			proxyType = 1;
			remoteGlobalIDString = 80A70403196BA77C00D38C21;
			remoteInfo = FinalStarRatingBarDemo;
		};
/* End PBXContainerItemProxy section */

/* Begin PBXFileReference section */
		80A70404196BA77C00D38C21 /* FinalStarRatingBarDemo.app */ = {isa = PBXFileReference; explicitFileType = wrapper.application; includeInIndex = 0; path = FinalStarRatingBarDemo.app; sourceTree = BUILT_PRODUCTS_DIR; };
		80A70407196BA77C00D38C21 /* Foundation.framework */ = {isa = PBXFileReference; lastKnownFileType = wrapper.framework; name = Foundation.framework; path = System/Library/Frameworks/Foundation.framework; sourceTree = SDKROOT; };
		80A70409196BA77C00D38C21 /* CoreGraphics.framework */ = {isa = PBXFileReference; lastKnownFileType = wrapper.framework; name = CoreGraphics.framework; path = System/Library/Frameworks/CoreGraphics.framework; sourceTree = SDKROOT; };
		80A7040B196BA77C00D38C21 /* UIKit.framework */ = {isa = PBXFileReference; lastKnownFileType = wrapper.framework; name = UIKit.framework; path = System/Library/Frameworks/UIKit.framework; sourceTree = SDKROOT; };
		80A7040F196BA77C00D38C21 /* FinalStarRatingBarDemo-Info.plist */ = {isa = PBXFileReference; lastKnownFileType = text.plist.xml; path = "FinalStarRatingBarDemo-Info.plist"; sourceTree = "<group>"; };
		80A70411196BA77C00D38C21 /* en */ = {isa = PBXFileReference; lastKnownFileType = text.plist.strings; name = en; path = en.lproj/InfoPlist.strings; sourceTree = "<group>"; };
		80A70413196BA77C00D38C21 /* main.m */ = {isa = PBXFileReference; lastKnownFileType = sourcecode.c.objc; path = main.m; sourceTree = "<group>"; };
		80A70415196BA77C00D38C21 /* FinalStarRatingBarDemo-Prefix.pch */ = {isa = PBXFileReference; lastKnownFileType = sourcecode.c.h; path = "FinalStarRatingBarDemo-Prefix.pch"; sourceTree = "<group>"; };
		80A70416196BA77C00D38C21 /* AppDelegate.h */ = {isa = PBXFileReference; lastKnownFileType = sourcecode.c.h; path = AppDelegate.h; sourceTree = "<group>"; };
		80A70417196BA77C00D38C21 /* AppDelegate.m */ = {isa = PBXFileReference; lastKnownFileType = sourcecode.c.objc; path = AppDelegate.m; sourceTree = "<group>"; };
		80A7041A196BA77C00D38C21 /* Base */ = {isa = PBXFileReference; lastKnownFileType = file.storyboard; name = Base; path = Base.lproj/Main.storyboard; sourceTree = "<group>"; };
		80A7041C196BA77C00D38C21 /* ViewController.h */ = {isa = PBXFileReference; lastKnownFileType = sourcecode.c.h; path = ViewController.h; sourceTree = "<group>"; };
		80A7041D196BA77C00D38C21 /* ViewController.m */ = {isa = PBXFileReference; lastKnownFileType = sourcecode.c.objc; path = ViewController.m; sourceTree = "<group>"; };
		80A7041F196BA77C00D38C21 /* Images.xcassets */ = {isa = PBXFileReference; lastKnownFileType = folder.assetcatalog; path = Images.xcassets; sourceTree = "<group>"; };
		80A70425196BA77C00D38C21 /* FinalStarRatingBarDemoTests.xctest */ = {isa = PBXFileReference; explicitFileType = wrapper.cfbundle; includeInIndex = 0; path = FinalStarRatingBarDemoTests.xctest; sourceTree = BUILT_PRODUCTS_DIR; };
		80A70426196BA77C00D38C21 /* XCTest.framework */ = {isa = PBXFileReference; lastKnownFileType = wrapper.framework; name = XCTest.framework; path = Library/Frameworks/XCTest.framework; sourceTree = DEVELOPER_DIR; };
		80A7042E196BA77C00D38C21 /* FinalStarRatingBarDemoTests-Info.plist */ = {isa = PBXFileReference; lastKnownFileType = text.plist.xml; path = "FinalStarRatingBarDemoTests-Info.plist"; sourceTree = "<group>"; };
		80A70430196BA77C00D38C21 /* en */ = {isa = PBXFileReference; lastKnownFileType = text.plist.strings; name = en; path = en.lproj/InfoPlist.strings; sourceTree = "<group>"; };
		80A70432196BA77C00D38C21 /* FinalStarRatingBarDemoTests.m */ = {isa = PBXFileReference; lastKnownFileType = sourcecode.c.objc; path = FinalStarRatingBarDemoTests.m; sourceTree = "<group>"; };
		80A7043D196BA7F500D38C21 /* FinalStarRatingBar.h */ = {isa = PBXFileReference; fileEncoding = 4; lastKnownFileType = sourcecode.c.h; path = FinalStarRatingBar.h; sourceTree = "<group>"; };
		80A7043E196BA7F500D38C21 /* FinalStarRatingBar.m */ = {isa = PBXFileReference; fileEncoding = 4; lastKnownFileType = sourcecode.c.objc; path = FinalStarRatingBar.m; sourceTree = "<group>"; };
		80A70442196BB17900D38C21 /* FinalStarRatingBar.bundle */ = {isa = PBXFileReference; lastKnownFileType = "wrapper.plug-in"; path = FinalStarRatingBar.bundle; sourceTree = "<group>"; };
/* End PBXFileReference section */

/* Begin PBXFrameworksBuildPhase section */
		80A70401196BA77C00D38C21 /* Frameworks */ = {
			isa = PBXFrameworksBuildPhase;
			buildActionMask = 2147483647;
			files = (
				80A7040A196BA77C00D38C21 /* CoreGraphics.framework in Frameworks */,
				80A7040C196BA77C00D38C21 /* UIKit.framework in Frameworks */,
				80A70408196BA77C00D38C21 /* Foundation.framework in Frameworks */,
			);
			runOnlyForDeploymentPostprocessing = 0;
		};
		80A70422196BA77C00D38C21 /* Frameworks */ = {
			isa = PBXFrameworksBuildPhase;
			buildActionMask = 2147483647;
			files = (
				80A70427196BA77C00D38C21 /* XCTest.framework in Frameworks */,
				80A70429196BA77C00D38C21 /* UIKit.framework in Frameworks */,
				80A70428196BA77C00D38C21 /* Foundation.framework in Frameworks */,
			);
			runOnlyForDeploymentPostprocessing = 0;
		};
/* End PBXFrameworksBuildPhase section */

/* Begin PBXGroup section */
		80A703FB196BA77C00D38C21 = {
			isa = PBXGroup;
			children = (
				80A7040D196BA77C00D38C21 /* FinalStarRatingBarDemo */,
				80A7042C196BA77C00D38C21 /* FinalStarRatingBarDemoTests */,
				80A70406196BA77C00D38C21 /* Frameworks */,
				80A70405196BA77C00D38C21 /* Products */,
			);
			sourceTree = "<group>";
		};
		80A70405196BA77C00D38C21 /* Products */ = {
			isa = PBXGroup;
			children = (
				80A70404196BA77C00D38C21 /* FinalStarRatingBarDemo.app */,
				80A70425196BA77C00D38C21 /* FinalStarRatingBarDemoTests.xctest */,
			);
			name = Products;
			sourceTree = "<group>";
		};
		80A70406196BA77C00D38C21 /* Frameworks */ = {
			isa = PBXGroup;
			children = (
				80A70407196BA77C00D38C21 /* Foundation.framework */,
				80A70409196BA77C00D38C21 /* CoreGraphics.framework */,
				80A7040B196BA77C00D38C21 /* UIKit.framework */,
				80A70426196BA77C00D38C21 /* XCTest.framework */,
			);
			name = Frameworks;
			sourceTree = "<group>";
		};
		80A7040D196BA77C00D38C21 /* FinalStarRatingBarDemo */ = {
			isa = PBXGroup;
			children = (
				80A7043C196BA7C300D38C21 /* FinalStarRatingBar */,
				80A70416196BA77C00D38C21 /* AppDelegate.h */,
				80A70417196BA77C00D38C21 /* AppDelegate.m */,
				80A70419196BA77C00D38C21 /* Main.storyboard */,
				80A7041C196BA77C00D38C21 /* ViewController.h */,
				80A7041D196BA77C00D38C21 /* ViewController.m */,
				80A7041F196BA77C00D38C21 /* Images.xcassets */,
				80A7040E196BA77C00D38C21 /* Supporting Files */,
			);
			path = FinalStarRatingBarDemo;
			sourceTree = "<group>";
		};
		80A7040E196BA77C00D38C21 /* Supporting Files */ = {
			isa = PBXGroup;
			children = (
				80A7040F196BA77C00D38C21 /* FinalStarRatingBarDemo-Info.plist */,
				80A70410196BA77C00D38C21 /* InfoPlist.strings */,
				80A70413196BA77C00D38C21 /* main.m */,
				80A70415196BA77C00D38C21 /* FinalStarRatingBarDemo-Prefix.pch */,
			);
			name = "Supporting Files";
			sourceTree = "<group>";
		};
		80A7042C196BA77C00D38C21 /* FinalStarRatingBarDemoTests */ = {
			isa = PBXGroup;
			children = (
				80A70432196BA77C00D38C21 /* FinalStarRatingBarDemoTests.m */,
				80A7042D196BA77C00D38C21 /* Supporting Files */,
			);
			path = FinalStarRatingBarDemoTests;
			sourceTree = "<group>";
		};
		80A7042D196BA77C00D38C21 /* Supporting Files */ = {
			isa = PBXGroup;
			children = (
				80A7042E196BA77C00D38C21 /* FinalStarRatingBarDemoTests-Info.plist */,
				80A7042F196BA77C00D38C21 /* InfoPlist.strings */,
			);
			name = "Supporting Files";
			sourceTree = "<group>";
		};
		80A7043C196BA7C300D38C21 /* FinalStarRatingBar */ = {
			isa = PBXGroup;
			children = (
				80A70442196BB17900D38C21 /* FinalStarRatingBar.bundle */,
				80A7043D196BA7F500D38C21 /* FinalStarRatingBar.h */,
				80A7043E196BA7F500D38C21 /* FinalStarRatingBar.m */,
			);
			name = FinalStarRatingBar;
			path = ../../FinalStarRatingBar;
			sourceTree = "<group>";
		};
/* End PBXGroup section */

/* Begin PBXNativeTarget section */
		80A70403196BA77C00D38C21 /* FinalStarRatingBarDemo */ = {
			isa = PBXNativeTarget;
			buildConfigurationList = 80A70436196BA77C00D38C21 /* Build configuration list for PBXNativeTarget "FinalStarRatingBarDemo" */;
			buildPhases = (
				80A70400196BA77C00D38C21 /* Sources */,
				80A70401196BA77C00D38C21 /* Frameworks */,
				80A70402196BA77C00D38C21 /* Resources */,
			);
			buildRules = (
			);
			dependencies = (
			);
			name = FinalStarRatingBarDemo;
			productName = FinalStarRatingBarDemo;
			productReference = 80A70404196BA77C00D38C21 /* FinalStarRatingBarDemo.app */;
			productType = "com.apple.product-type.application";
		};
		80A70424196BA77C00D38C21 /* FinalStarRatingBarDemoTests */ = {
			isa = PBXNativeTarget;
			buildConfigurationList = 80A70439196BA77C00D38C21 /* Build configuration list for PBXNativeTarget "FinalStarRatingBarDemoTests" */;
			buildPhases = (
				80A70421196BA77C00D38C21 /* Sources */,
				80A70422196BA77C00D38C21 /* Frameworks */,
				80A70423196BA77C00D38C21 /* Resources */,
			);
			buildRules = (
			);
			dependencies = (
				80A7042B196BA77C00D38C21 /* PBXTargetDependency */,
			);
			name = FinalStarRatingBarDemoTests;
			productName = FinalStarRatingBarDemoTests;
			productReference = 80A70425196BA77C00D38C21 /* FinalStarRatingBarDemoTests.xctest */;
			productType = "com.apple.product-type.bundle.unit-test";
		};
/* End PBXNativeTarget section */

/* Begin PBXProject section */
		80A703FC196BA77C00D38C21 /* Project object */ = {
			isa = PBXProject;
			attributes = {
				LastUpgradeCheck = 0510;
				ORGANIZATIONNAME = FinalProject;
				TargetAttributes = {
					80A70424196BA77C00D38C21 = {
						TestTargetID = 80A70403196BA77C00D38C21;
					};
				};
			};
			buildConfigurationList = 80A703FF196BA77C00D38C21 /* Build configuration list for PBXProject "FinalStarRatingBarDemo" */;
			compatibilityVersion = "Xcode 3.2";
			developmentRegion = English;
			hasScannedForEncodings = 0;
			knownRegions = (
				en,
				Base,
			);
			mainGroup = 80A703FB196BA77C00D38C21;
			productRefGroup = 80A70405196BA77C00D38C21 /* Products */;
			projectDirPath = "";
			projectRoot = "";
			targets = (
				80A70403196BA77C00D38C21 /* FinalStarRatingBarDemo */,
				80A70424196BA77C00D38C21 /* FinalStarRatingBarDemoTests */,
			);
		};
/* End PBXProject section */

/* Begin PBXResourcesBuildPhase section */
		80A70402196BA77C00D38C21 /* Resources */ = {
			isa = PBXResourcesBuildPhase;
			buildActionMask = 2147483647;
			files = (
				80A70420196BA77C00D38C21 /* Images.xcassets in Resources */,
				80A70412196BA77C00D38C21 /* InfoPlist.strings in Resources */,
				80A7041B196BA77C00D38C21 /* Main.storyboard in Resources */,
				80A70443196BB17900D38C21 /* FinalStarRatingBar.bundle in Resources */,
			);
			runOnlyForDeploymentPostprocessing = 0;
		};
		80A70423196BA77C00D38C21 /* Resources */ = {
			isa = PBXResourcesBuildPhase;
			buildActionMask = 2147483647;
			files = (
				80A70431196BA77C00D38C21 /* InfoPlist.strings in Resources */,
			);
			runOnlyForDeploymentPostprocessing = 0;
		};
/* End PBXResourcesBuildPhase section */

/* Begin PBXSourcesBuildPhase section */
		80A70400196BA77C00D38C21 /* Sources */ = {
			isa = PBXSourcesBuildPhase;
			buildActionMask = 2147483647;
			files = (
				80A7041E196BA77C00D38C21 /* ViewController.m in Sources */,
				80A7043F196BA7F500D38C21 /* FinalStarRatingBar.m in Sources */,
				80A70418196BA77C00D38C21 /* AppDelegate.m in Sources */,
				80A70414196BA77C00D38C21 /* main.m in Sources */,
			);
			runOnlyForDeploymentPostprocessing = 0;
		};
		80A70421196BA77C00D38C21 /* Sources */ = {
			isa = PBXSourcesBuildPhase;
			buildActionMask = 2147483647;
			files = (
				80A70433196BA77C00D38C21 /* FinalStarRatingBarDemoTests.m in Sources */,
			);
			runOnlyForDeploymentPostprocessing = 0;
		};
/* End PBXSourcesBuildPhase section */

/* Begin PBXTargetDependency section */
		80A7042B196BA77C00D38C21 /* PBXTargetDependency */ = {
			isa = PBXTargetDependency;
			target = 80A70403196BA77C00D38C21 /* FinalStarRatingBarDemo */;
			targetProxy = 80A7042A196BA77C00D38C21 /* PBXContainerItemProxy */;
		};
/* End PBXTargetDependency section */

/* Begin PBXVariantGroup section */
		80A70410196BA77C00D38C21 /* InfoPlist.strings */ = {
			isa = PBXVariantGroup;
			children = (
				80A70411196BA77C00D38C21 /* en */,
			);
			name = InfoPlist.strings;
			sourceTree = "<group>";
		};
		80A70419196BA77C00D38C21 /* Main.storyboard */ = {
			isa = PBXVariantGroup;
			children = (
				80A7041A196BA77C00D38C21 /* Base */,
			);
			name = Main.storyboard;
			sourceTree = "<group>";
		};
		80A7042F196BA77C00D38C21 /* InfoPlist.strings */ = {
			isa = PBXVariantGroup;
			children = (
				80A70430196BA77C00D38C21 /* en */,
			);
			name = InfoPlist.strings;
			sourceTree = "<group>";
		};
/* End PBXVariantGroup section */

/* Begin XCBuildConfiguration section */
		80A70434196BA77C00D38C21 /* Debug */ = {
			isa = XCBuildConfiguration;
			buildSettings = {
				ALWAYS_SEARCH_USER_PATHS = NO;
				CLANG_CXX_LANGUAGE_STANDARD = "gnu++0x";
				CLANG_CXX_LIBRARY = "libc++";
				CLANG_ENABLE_MODULES = YES;
				CLANG_ENABLE_OBJC_ARC = YES;
				CLANG_WARN_BOOL_CONVERSION = YES;
				CLANG_WARN_CONSTANT_CONVERSION = YES;
				CLANG_WARN_DIRECT_OBJC_ISA_USAGE = YES_ERROR;
				CLANG_WARN_EMPTY_BODY = YES;
				CLANG_WARN_ENUM_CONVERSION = YES;
				CLANG_WARN_INT_CONVERSION = YES;
				CLANG_WARN_OBJC_ROOT_CLASS = YES_ERROR;
				CLANG_WARN__DUPLICATE_METHOD_MATCH = YES;
				"CODE_SIGN_IDENTITY[sdk=iphoneos*]" = "iPhone Developer";
				COPY_PHASE_STRIP = NO;
				GCC_C_LANGUAGE_STANDARD = gnu99;
				GCC_DYNAMIC_NO_PIC = NO;
				GCC_OPTIMIZATION_LEVEL = 0;
				GCC_PREPROCESSOR_DEFINITIONS = (
					"DEBUG=1",
					"$(inherited)",
				);
				GCC_SYMBOLS_PRIVATE_EXTERN = NO;
				GCC_WARN_64_TO_32_BIT_CONVERSION = YES;
				GCC_WARN_ABOUT_RETURN_TYPE = YES_ERROR;
				GCC_WARN_UNDECLARED_SELECTOR = YES;
				GCC_WARN_UNINITIALIZED_AUTOS = YES_AGGRESSIVE;
				GCC_WARN_UNUSED_FUNCTION = YES;
				GCC_WARN_UNUSED_VARIABLE = YES;
				IPHONEOS_DEPLOYMENT_TARGET = 7.1;
				ONLY_ACTIVE_ARCH = YES;
				SDKROOT = iphoneos;
			};
			name = Debug;
		};
		80A70435196BA77C00D38C21 /* Release */ = {
			isa = XCBuildConfiguration;
			buildSettings = {
				ALWAYS_SEARCH_USER_PATHS = NO;
				CLANG_CXX_LANGUAGE_STANDARD = "gnu++0x";
				CLANG_CXX_LIBRARY = "libc++";
				CLANG_ENABLE_MODULES = YES;
				CLANG_ENABLE_OBJC_ARC = YES;
				CLANG_WARN_BOOL_CONVERSION = YES;
				CLANG_WARN_CONSTANT_CONVERSION = YES;
				CLANG_WARN_DIRECT_OBJC_ISA_USAGE = YES_ERROR;
				CLANG_WARN_EMPTY_BODY = YES;
				CLANG_WARN_ENUM_CONVERSION = YES;
				CLANG_WARN_INT_CONVERSION = YES;
				CLANG_WARN_OBJC_ROOT_CLASS = YES_ERROR;
				CLANG_WARN__DUPLICATE_METHOD_MATCH = YES;
				"CODE_SIGN_IDENTITY[sdk=iphoneos*]" = "iPhone Developer";
				COPY_PHASE_STRIP = YES;
				ENABLE_NS_ASSERTIONS = NO;
				GCC_C_LANGUAGE_STANDARD = gnu99;
				GCC_WARN_64_TO_32_BIT_CONVERSION = YES;
				GCC_WARN_ABOUT_RETURN_TYPE = YES_ERROR;
				GCC_WARN_UNDECLARED_SELECTOR = YES;
				GCC_WARN_UNINITIALIZED_AUTOS = YES_AGGRESSIVE;
				GCC_WARN_UNUSED_FUNCTION = YES;
				GCC_WARN_UNUSED_VARIABLE = YES;
				IPHONEOS_DEPLOYMENT_TARGET = 7.1;
				SDKROOT = iphoneos;
				VALIDATE_PRODUCT = YES;
			};
			name = Release;
		};
		80A70437196BA77C00D38C21 /* Debug */ = {
			isa = XCBuildConfiguration;
			buildSettings = {
				ASSETCATALOG_COMPILER_APPICON_NAME = AppIcon;
				ASSETCATALOG_COMPILER_LAUNCHIMAGE_NAME = LaunchImage;
				GCC_PRECOMPILE_PREFIX_HEADER = YES;
				GCC_PREFIX_HEADER = "FinalStarRatingBarDemo/FinalStarRatingBarDemo-Prefix.pch";
				INFOPLIST_FILE = "FinalStarRatingBarDemo/FinalStarRatingBarDemo-Info.plist";
				PRODUCT_NAME = "$(TARGET_NAME)";
				WRAPPER_EXTENSION = app;
			};
			name = Debug;
		};
		80A70438196BA77C00D38C21 /* Release */ = {
			isa = XCBuildConfiguration;
			buildSettings = {
				ASSETCATALOG_COMPILER_APPICON_NAME = AppIcon;
				ASSETCATALOG_COMPILER_LAUNCHIMAGE_NAME = LaunchImage;
				GCC_PRECOMPILE_PREFIX_HEADER = YES;
				GCC_PREFIX_HEADER = "FinalStarRatingBarDemo/FinalStarRatingBarDemo-Prefix.pch";
				INFOPLIST_FILE = "FinalStarRatingBarDemo/FinalStarRatingBarDemo-Info.plist";
				PRODUCT_NAME = "$(TARGET_NAME)";
				WRAPPER_EXTENSION = app;
			};
			name = Release;
		};
		80A7043A196BA77C00D38C21 /* Debug */ = {
			isa = XCBuildConfiguration;
			buildSettings = {
				BUNDLE_LOADER = "$(BUILT_PRODUCTS_DIR)/FinalStarRatingBarDemo.app/FinalStarRatingBarDemo";
				FRAMEWORK_SEARCH_PATHS = (
					"$(SDKROOT)/Developer/Library/Frameworks",
					"$(inherited)",
					"$(DEVELOPER_FRAMEWORKS_DIR)",
				);
				GCC_PRECOMPILE_PREFIX_HEADER = YES;
				GCC_PREFIX_HEADER = "FinalStarRatingBarDemo/FinalStarRatingBarDemo-Prefix.pch";
				GCC_PREPROCESSOR_DEFINITIONS = (
					"DEBUG=1",
					"$(inherited)",
				);
				INFOPLIST_FILE = "FinalStarRatingBarDemoTests/FinalStarRatingBarDemoTests-Info.plist";
				PRODUCT_NAME = "$(TARGET_NAME)";
				TEST_HOST = "$(BUNDLE_LOADER)";
				WRAPPER_EXTENSION = xctest;
			};
			name = Debug;
		};
		80A7043B196BA77C00D38C21 /* Release */ = {
			isa = XCBuildConfiguration;
			buildSettings = {
				BUNDLE_LOADER = "$(BUILT_PRODUCTS_DIR)/FinalStarRatingBarDemo.app/FinalStarRatingBarDemo";
				FRAMEWORK_SEARCH_PATHS = (
					"$(SDKROOT)/Developer/Library/Frameworks",
					"$(inherited)",
					"$(DEVELOPER_FRAMEWORKS_DIR)",
				);
				GCC_PRECOMPILE_PREFIX_HEADER = YES;
				GCC_PREFIX_HEADER = "FinalStarRatingBarDemo/FinalStarRatingBarDemo-Prefix.pch";
				INFOPLIST_FILE = "FinalStarRatingBarDemoTests/FinalStarRatingBarDemoTests-Info.plist";
				PRODUCT_NAME = "$(TARGET_NAME)";
				TEST_HOST = "$(BUNDLE_LOADER)";
				WRAPPER_EXTENSION = xctest;
			};
			name = Release;
		};
/* End XCBuildConfiguration section */

/* Begin XCConfigurationList section */
		80A703FF196BA77C00D38C21 /* Build configuration list for PBXProject "FinalStarRatingBarDemo" */ = {
			isa = XCConfigurationList;
			buildConfigurations = (
				80A70434196BA77C00D38C21 /* Debug */,
				80A70435196BA77C00D38C21 /* Release */,
			);
			defaultConfigurationIsVisible = 0;
			defaultConfigurationName = Release;
		};
		80A70436196BA77C00D38C21 /* Build configuration list for PBXNativeTarget "FinalStarRatingBarDemo" */ = {
			isa = XCConfigurationList;
			buildConfigurations = (
				80A70437196BA77C00D38C21 /* Debug */,
				80A70438196BA77C00D38C21 /* Release */,
			);
			defaultConfigurationIsVisible = 0;
		};
		80A70439196BA77C00D38C21 /* Build configuration list for PBXNativeTarget "FinalStarRatingBarDemoTests" */ = {
			isa = XCConfigurationList;
			buildConfigurations = (
				80A7043A196BA77C00D38C21 /* Debug */,
				80A7043B196BA77C00D38C21 /* Release */,
			);
			defaultConfigurationIsVisible = 0;
		};
/* End XCConfigurationList section */
	};
	rootObject = 80A703FC196BA77C00D38C21 /* Project object */;
}
